
Microsoft Visual Studio Solution File, Format Version 12.00
# Visual Studio Version 17
VisualStudioVersion = 17.6.33815.320
MinimumVisualStudioVersion = 10.0.40219.1
Project("{FAE04EC0-301F-11D3-BF4B-00C04F79EFBC}") = "winuitest2", "winuitest2\winuitest2.csproj", "{E7DFE5DC-7DD7-4DF5-B2B6-0608DA0F383A}"
EndProject
Global
	GlobalSection(SolutionConfigurationPlatforms) = preSolution
		Debug|ARM64 = Debug|ARM64
		Debug|x64 = Debug|x64
		Debug|x86 = Debug|x86
		Release|ARM64 = Release|ARM64
		Release|x64 = Release|x64
		Release|x86 = Release|x86
	EndGlobalSection
	GlobalSection(ProjectConfigurationPlatforms) = postSolution
		{E7DFE5DC-7DD7-4DF5-B2B6-0608DA0F383A}.Debug|ARM64.ActiveCfg = Debug|ARM64
		{E7DFE5DC-7DD7-4DF5-B2B6-0608DA0F383A}.Debug|ARM64.Build.0 = Debug|ARM64
		{E7DFE5DC-7DD7-4DF5-B2B6-0608DA0F383A}.Debug|ARM64.Deploy.0 = Debug|ARM64
		{E7DFE5DC-7DD7-4DF5-B2B6-0608DA0F383A}.Debug|x64.ActiveCfg = Debug|x64
		{E7DFE5DC-7DD7-4DF5-B2B6-0608DA0F383A}.Debug|x64.Build.0 = Debug|x64
		{E7DFE5DC-7DD7-4DF5-B2B6-0608DA0F383A}.Debug|x64.Deploy.0 = Debug|x64
		{E7DFE5DC-7DD7-4DF5-B2B6-0608DA0F383A}.Debug|x86.ActiveCfg = Debug|x86
		{E7DFE5DC-7DD7-4DF5-B2B6-0608DA0F383A}.Debug|x86.Build.0 = Debug|x86
		{E7DFE5DC-7DD7-4DF5-B2B6-0608DA0F383A}.Debug|x86.Deploy.0 = Debug|x86
		{E7DFE5DC-7DD7-4DF5-B2B6-0608DA0F383A}.Release|ARM64.ActiveCfg = Release|ARM64
		{E7DFE5DC-7DD7-4DF5-B2B6-0608DA0F383A}.Release|ARM64.Build.0 = Release|ARM64
		{E7DFE5DC-7DD7-4DF5-B2B6-0608DA0F383A}.Release|ARM64.Deploy.0 = Release|ARM64
		{E7DFE5DC-7DD7-4DF5-B2B6-0608DA0F383A}.Release|x64.ActiveCfg = Release|x64
		{E7DFE5DC-7DD7-4DF5-B2B6-0608DA0F383A}.Release|x64.Build.0 = Release|x64
		{E7DFE5DC-7DD7-4DF5-B2B6-0608DA0F383A}.Release|x64.Deploy.0 = Release|x64
		{E7DFE5DC-7DD7-4DF5-B2B6-0608DA0F383A}.Release|x86.ActiveCfg = Release|x86
		{E7DFE5DC-7DD7-4DF5-B2B6-0608DA0F383A}.Release|x86.Build.0 = Release|x86
		{E7DFE5DC-7DD7-4DF5-B2B6-0608DA0F383A}.Release|x86.Deploy.0 = Release|x86
	EndGlobalSection
	GlobalSection(SolutionProperties) = preSolution
		HideSolutionNode = FALSE
	EndGlobalSection
	GlobalSection(ExtensibilityGlobals) = postSolution
		SolutionGuid = {75A92954-64B3-4EC7-99B2-DA89EC2F7596}
	EndGlobalSection
EndGlobal
